
Microsoft Visual Studio Solution File, Format Version 12.00
# Visual Studio Version 16
VisualStudioVersion = 16.0.31624.102
MinimumVisualStudioVersion = 10.0.40219.1
Project("{FAE04EC0-301F-11D3-BF4B-00C04F79EFBC}") = "Lab_Aircraft", "Lab_Aircraft\Lab_Aircraft.csproj", "{9ADCA89B-2DCD-4F53-9883-8D570EDC299A}"
EndProject
Global
	GlobalSection(SolutionConfigurationPlatforms) = preSolution
		Debug|Any CPU = Debug|Any CPU
		Release|Any CPU = Release|Any CPU
	EndGlobalSection
	GlobalSection(ProjectConfigurationPlatforms) = postSolution
		{9ADCA89B-2DCD-4F53-9883-8D570EDC299A}.Debug|Any CPU.ActiveCfg = Debug|Any CPU
		{9ADCA89B-2DCD-4F53-9883-8D570EDC299A}.Debug|Any CPU.Build.0 = Debug|Any CPU
		{9ADCA89B-2DCD-4F53-9883-8D570EDC299A}.Release|Any CPU.ActiveCfg = Release|Any CPU
		{9ADCA89B-2DCD-4F53-9883-8D570EDC299A}.Release|Any CPU.Build.0 = Release|Any CPU
	EndGlobalSection
	GlobalSection(SolutionProperties) = preSolution
		HideSolutionNode = FALSE
	EndGlobalSection
	GlobalSection(ExtensibilityGlobals) = postSolution
		SolutionGuid = {24ECDA0A-A167-442D-B185-7993A33B596A}
	EndGlobalSection
EndGlobal
